
Microsoft Visual Studio Solution File, Format Version 12.00
# Visual Studio Version 17
VisualStudioVersion = 17.7.34221.43
MinimumVisualStudioVersion = 10.0.40219.1
Project("{FAE04EC0-301F-11D3-BF4B-00C04F79EFBC}") = "reviewPlataform", "reviewPlataform.csproj", "{2AB414AD-C121-48F7-9651-9E36D4EE8FAB}"
EndProject
Global
	GlobalSection(SolutionConfigurationPlatforms) = preSolution
		Debug|Any CPU = Debug|Any CPU
		Release|Any CPU = Release|Any CPU
	EndGlobalSection
	GlobalSection(ProjectConfigurationPlatforms) = postSolution
		{2AB414AD-C121-48F7-9651-9E36D4EE8FAB}.Debug|Any CPU.ActiveCfg = Debug|Any CPU
		{2AB414AD-C121-48F7-9651-9E36D4EE8FAB}.Debug|Any CPU.Build.0 = Debug|Any CPU
		{2AB414AD-C121-48F7-9651-9E36D4EE8FAB}.Release|Any CPU.ActiveCfg = Release|Any CPU
		{2AB414AD-C121-48F7-9651-9E36D4EE8FAB}.Release|Any CPU.Build.0 = Release|Any CPU
	EndGlobalSection
	GlobalSection(SolutionProperties) = preSolution
		HideSolutionNode = FALSE
	EndGlobalSection
	GlobalSection(ExtensibilityGlobals) = postSolution
		SolutionGuid = {854353B6-C537-41B9-81BC-F66D66BD71A1}
	EndGlobalSection
EndGlobal
